
Microsoft Visual Studio Solution File, Format Version 12.00
# Visual Studio Version 17
VisualStudioVersion = 17.5.002.0
MinimumVisualStudioVersion = 10.0.40219.1
Project("{9A19103F-16F7-4668-BE54-9A1E7A4F7556}") = "11_Constructors", "11_Constructors.csproj", "{B2CC16D3-A920-495A-82F6-DE3283DADEBC}"
EndProject
Global
	GlobalSection(SolutionConfigurationPlatforms) = preSolution
		Debug|Any CPU = Debug|Any CPU
		Release|Any CPU = Release|Any CPU
	EndGlobalSection
	GlobalSection(ProjectConfigurationPlatforms) = postSolution
		{B2CC16D3-A920-495A-82F6-DE3283DADEBC}.Debug|Any CPU.ActiveCfg = Debug|Any CPU
		{B2CC16D3-A920-495A-82F6-DE3283DADEBC}.Debug|Any CPU.Build.0 = Debug|Any CPU
		{B2CC16D3-A920-495A-82F6-DE3283DADEBC}.Release|Any CPU.ActiveCfg = Release|Any CPU
		{B2CC16D3-A920-495A-82F6-DE3283DADEBC}.Release|Any CPU.Build.0 = Release|Any CPU
	EndGlobalSection
	GlobalSection(SolutionProperties) = preSolution
		HideSolutionNode = FALSE
	EndGlobalSection
	GlobalSection(ExtensibilityGlobals) = postSolution
		SolutionGuid = {F4B80F56-6EA9-4133-BED3-163D7F3C183A}
	EndGlobalSection
EndGlobal
