
Microsoft Visual Studio Solution File, Format Version 12.00
# Visual Studio Version 17
VisualStudioVersion = 17.5.002.0
MinimumVisualStudioVersion = 10.0.40219.1
Project("{9A19103F-16F7-4668-BE54-9A1E7A4F7556}") = "12.02_inheritance", "12.02_inheritance.csproj", "{AEE559CF-C24C-441F-BD58-43938E60DC62}"
EndProject
Global
	GlobalSection(SolutionConfigurationPlatforms) = preSolution
		Debug|Any CPU = Debug|Any CPU
		Release|Any CPU = Release|Any CPU
	EndGlobalSection
	GlobalSection(ProjectConfigurationPlatforms) = postSolution
		{AEE559CF-C24C-441F-BD58-43938E60DC62}.Debug|Any CPU.ActiveCfg = Debug|Any CPU
		{AEE559CF-C24C-441F-BD58-43938E60DC62}.Debug|Any CPU.Build.0 = Debug|Any CPU
		{AEE559CF-C24C-441F-BD58-43938E60DC62}.Release|Any CPU.ActiveCfg = Release|Any CPU
		{AEE559CF-C24C-441F-BD58-43938E60DC62}.Release|Any CPU.Build.0 = Release|Any CPU
	EndGlobalSection
	GlobalSection(SolutionProperties) = preSolution
		HideSolutionNode = FALSE
	EndGlobalSection
	GlobalSection(ExtensibilityGlobals) = postSolution
		SolutionGuid = {31D24B1E-FE84-43EF-B79C-7C30DF71F0C5}
	EndGlobalSection
EndGlobal
