
Microsoft Visual Studio Solution File, Format Version 12.00
# Visual Studio Version 17
VisualStudioVersion = 17.5.002.0
MinimumVisualStudioVersion = 10.0.40219.1
Project("{9A19103F-16F7-4668-BE54-9A1E7A4F7556}") = "12.01_Inheritance_Concept", "12.01_Inheritance_Concept.csproj", "{CD6B26C1-D298-4405-8AD7-7EBE8C0C117C}"
EndProject
Global
	GlobalSection(SolutionConfigurationPlatforms) = preSolution
		Debug|Any CPU = Debug|Any CPU
		Release|Any CPU = Release|Any CPU
	EndGlobalSection
	GlobalSection(ProjectConfigurationPlatforms) = postSolution
		{CD6B26C1-D298-4405-8AD7-7EBE8C0C117C}.Debug|Any CPU.ActiveCfg = Debug|Any CPU
		{CD6B26C1-D298-4405-8AD7-7EBE8C0C117C}.Debug|Any CPU.Build.0 = Debug|Any CPU
		{CD6B26C1-D298-4405-8AD7-7EBE8C0C117C}.Release|Any CPU.ActiveCfg = Release|Any CPU
		{CD6B26C1-D298-4405-8AD7-7EBE8C0C117C}.Release|Any CPU.Build.0 = Release|Any CPU
	EndGlobalSection
	GlobalSection(SolutionProperties) = preSolution
		HideSolutionNode = FALSE
	EndGlobalSection
	GlobalSection(ExtensibilityGlobals) = postSolution
		SolutionGuid = {1EFA7841-0B96-45BE-9561-82CE0E3A1578}
	EndGlobalSection
EndGlobal
